
Microsoft Visual Studio Solution File, Format Version 12.00
# Visual Studio Version 17
VisualStudioVersion = 17.0.31903.59
MinimumVisualStudioVersion = 10.0.40219.1
Project("{2150E333-8FDC-42A3-9474-1A3956D46DE8}") = "src", "src", "{81C4C08E-053A-40E0-AEA3-C31525E27A99}"
EndProject
Project("{2150E333-8FDC-42A3-9474-1A3956D46DE8}") = "Core", "Core", "{FF754DC8-EAE6-4054-B721-94ABA4DA3B17}"
EndProject
Project("{FAE04EC0-301F-11D3-BF4B-00C04F79EFBC}") = "Hexagonal.Application", "src\Core\Hexagonal.Application\Hexagonal.Application.csproj", "{1DCD5A44-F4FC-40B1-8CA9-DC8560D74FEF}"
EndProject
Project("{FAE04EC0-301F-11D3-BF4B-00C04F79EFBC}") = "Hexagonal.Domain", "src\Core\Hexagonal.Domain\Hexagonal.Domain.csproj", "{7F5314FF-F80F-4002-905D-3A9F49F9A681}"
EndProject
Project("{2150E333-8FDC-42A3-9474-1A3956D46DE8}") = "Infrastructure", "Infrastructure", "{8D4B9B2A-F64E-4E33-8747-4A3193AD9E57}"
EndProject
Project("{FAE04EC0-301F-11D3-BF4B-00C04F79EFBC}") = "Hexagonal.Adapter.InMemory", "src\Infrastructure\Hexagonal.Adapter.InMemory\Hexagonal.Adapter.InMemory.csproj", "{91A16A49-4083-4CD5-871C-1707D094CB4B}"
EndProject
Project("{FAE04EC0-301F-11D3-BF4B-00C04F79EFBC}") = "Hexagonal.Adapter.Postgres", "src\Infrastructure\Hexagonal.Adapter.Postgres\Hexagonal.Adapter.Postgres.csproj", "{111D4AC1-837E-4643-85E4-C39DAAB7CC91}"
EndProject
Project("{FAE04EC0-301F-11D3-BF4B-00C04F79EFBC}") = "Hexagonal.Adapter.DetailedNotification", "src\Infrastructure\Hexagonal.Adapter.DetailedNotification\Hexagonal.Adapter.DetailedNotification.csproj", "{79677722-7126-48FE-8B2B-5ED249D581AA}"
EndProject
Project("{FAE04EC0-301F-11D3-BF4B-00C04F79EFBC}") = "Hexagonal.Adapter.SimpleNotification", "src\Infrastructure\Hexagonal.Adapter.SimpleNotification\Hexagonal.Adapter.SimpleNotification.csproj", "{42943356-59E4-46A4-93FA-8E3EB4C62AC4}"
EndProject
Project("{FAE04EC0-301F-11D3-BF4B-00C04F79EFBC}") = "Hexagonal.Adapter.Auth", "src\Infrastructure\Hexagonal.Adapter.Auth\Hexagonal.Adapter.Auth.csproj", "{F121B846-DE61-44C7-8338-657A0836C4B9}"
EndProject
Project("{2150E333-8FDC-42A3-9474-1A3956D46DE8}") = "UI", "UI", "{37E71895-C1DF-4072-B635-9C7C44AC1F23}"
EndProject
Project("{FAE04EC0-301F-11D3-BF4B-00C04F79EFBC}") = "Hexagonal.Adapter.Rest", "src\UI\Hexagonal.Adapter.Rest\Hexagonal.Adapter.Rest.csproj", "{57D9B138-7F49-4D88-B4E2-B82D1D9CC70D}"
EndProject
Project("{FAE04EC0-301F-11D3-BF4B-00C04F79EFBC}") = "ApplicationSetup", "src\ApplicationSetup\ApplicationSetup.csproj", "{DFB0CAF9-5F71-4649-B868-7C01F00139C3}"
EndProject
Project("{2150E333-8FDC-42A3-9474-1A3956D46DE8}") = "tests", "tests", "{13DEF4FD-8293-4AE5-96E0-CCD19EF2E0D0}"
EndProject
Project("{2150E333-8FDC-42A3-9474-1A3956D46DE8}") = "Core", "Core", "{13F11E32-EA11-4D34-9EE5-FBFB0DE89DB7}"
EndProject
Project("{FAE04EC0-301F-11D3-BF4B-00C04F79EFBC}") = "Hexagonal.Application.Tests", "tests\Core\Hexagonal.Application.Tests\Hexagonal.Application.Tests.csproj", "{D94D2597-27E2-4A66-8E5B-3DEFC437E3B3}"
EndProject
Project("{2150E333-8FDC-42A3-9474-1A3956D46DE8}") = "Infrastructure", "Infrastructure", "{37AA4031-E4C4-4803-93BC-7DDC01672415}"
EndProject
Project("{FAE04EC0-301F-11D3-BF4B-00C04F79EFBC}") = "Hexagonal.Adapter.Auth.Tests", "tests\Infrastructure\Hexagonal.Adapter.Auth.Tests\Hexagonal.Adapter.Auth.Tests.csproj", "{2D2F0B85-545E-44FC-A5AF-76B740F20303}"
EndProject
Project("{FAE04EC0-301F-11D3-BF4B-00C04F79EFBC}") = "Hexagonal.Adapter.DetailedNotification.Tests", "tests\Infrastructure\Hexagonal.Adapter.DetailedNotification.Tests\Hexagonal.Adapter.DetailedNotification.Tests.csproj", "{78B95B76-2422-4B8E-A4EC-2434170F1351}"
EndProject
Project("{FAE04EC0-301F-11D3-BF4B-00C04F79EFBC}") = "Hexagonal.Adapter.InMemory.Tests", "tests\Infrastructure\Hexagonal.Adapter.InMemory.Tests\Hexagonal.Adapter.InMemory.Tests.csproj", "{6A362D73-FE18-4196-BF16-7BFF9F46FEC6}"
EndProject
Project("{FAE04EC0-301F-11D3-BF4B-00C04F79EFBC}") = "Hexagonal.Adapter.Postgres.Tests", "tests\Infrastructure\Hexagonal.Adapter.Postgres.Tests\Hexagonal.Adapter.Postgres.Tests.csproj", "{AD3CF770-8111-4708-B0EA-9E9E54D30EE5}"
EndProject
Project("{FAE04EC0-301F-11D3-BF4B-00C04F79EFBC}") = "Hexagonal.Adapter.SimpleNotification.Tests", "tests\Infrastructure\Hexagonal.Adapter.SimpleNotification.Tests\Hexagonal.Adapter.SimpleNotification.Tests.csproj", "{01BD3072-D972-49BB-9E9E-9EEF93A3E714}"
EndProject
Project("{2150E333-8FDC-42A3-9474-1A3956D46DE8}") = "UI", "UI", "{DFCA9FCD-59C3-45F1-B513-F458C6D96403}"
EndProject
Project("{FAE04EC0-301F-11D3-BF4B-00C04F79EFBC}") = "Hexagonal.Adapter.Rest.Tests", "tests\UI\Hexagonal.Adapter.Rest.Tests\Hexagonal.Adapter.Rest.Tests.csproj", "{05300BC3-692C-4956-A3B9-E504CAEA6E30}"
EndProject
Global
	GlobalSection(SolutionConfigurationPlatforms) = preSolution
		Debug|Any CPU = Debug|Any CPU
		Release|Any CPU = Release|Any CPU
	EndGlobalSection
	GlobalSection(SolutionProperties) = preSolution
		HideSolutionNode = FALSE
	EndGlobalSection
	GlobalSection(ProjectConfigurationPlatforms) = postSolution
		{1DCD5A44-F4FC-40B1-8CA9-DC8560D74FEF}.Debug|Any CPU.ActiveCfg = Debug|Any CPU
		{1DCD5A44-F4FC-40B1-8CA9-DC8560D74FEF}.Debug|Any CPU.Build.0 = Debug|Any CPU
		{1DCD5A44-F4FC-40B1-8CA9-DC8560D74FEF}.Release|Any CPU.ActiveCfg = Release|Any CPU
		{1DCD5A44-F4FC-40B1-8CA9-DC8560D74FEF}.Release|Any CPU.Build.0 = Release|Any CPU
		{7F5314FF-F80F-4002-905D-3A9F49F9A681}.Debug|Any CPU.ActiveCfg = Debug|Any CPU
		{7F5314FF-F80F-4002-905D-3A9F49F9A681}.Debug|Any CPU.Build.0 = Debug|Any CPU
		{7F5314FF-F80F-4002-905D-3A9F49F9A681}.Release|Any CPU.ActiveCfg = Release|Any CPU
		{7F5314FF-F80F-4002-905D-3A9F49F9A681}.Release|Any CPU.Build.0 = Release|Any CPU
		{91A16A49-4083-4CD5-871C-1707D094CB4B}.Debug|Any CPU.ActiveCfg = Debug|Any CPU
		{91A16A49-4083-4CD5-871C-1707D094CB4B}.Debug|Any CPU.Build.0 = Debug|Any CPU
		{91A16A49-4083-4CD5-871C-1707D094CB4B}.Release|Any CPU.ActiveCfg = Release|Any CPU
		{91A16A49-4083-4CD5-871C-1707D094CB4B}.Release|Any CPU.Build.0 = Release|Any CPU
		{111D4AC1-837E-4643-85E4-C39DAAB7CC91}.Debug|Any CPU.ActiveCfg = Debug|Any CPU
		{111D4AC1-837E-4643-85E4-C39DAAB7CC91}.Debug|Any CPU.Build.0 = Debug|Any CPU
		{111D4AC1-837E-4643-85E4-C39DAAB7CC91}.Release|Any CPU.ActiveCfg = Release|Any CPU
		{111D4AC1-837E-4643-85E4-C39DAAB7CC91}.Release|Any CPU.Build.0 = Release|Any CPU
		{79677722-7126-48FE-8B2B-5ED249D581AA}.Debug|Any CPU.ActiveCfg = Debug|Any CPU
		{79677722-7126-48FE-8B2B-5ED249D581AA}.Debug|Any CPU.Build.0 = Debug|Any CPU
		{79677722-7126-48FE-8B2B-5ED249D581AA}.Release|Any CPU.ActiveCfg = Release|Any CPU
		{79677722-7126-48FE-8B2B-5ED249D581AA}.Release|Any CPU.Build.0 = Release|Any CPU
		{42943356-59E4-46A4-93FA-8E3EB4C62AC4}.Debug|Any CPU.ActiveCfg = Debug|Any CPU
		{42943356-59E4-46A4-93FA-8E3EB4C62AC4}.Debug|Any CPU.Build.0 = Debug|Any CPU
		{42943356-59E4-46A4-93FA-8E3EB4C62AC4}.Release|Any CPU.ActiveCfg = Release|Any CPU
		{42943356-59E4-46A4-93FA-8E3EB4C62AC4}.Release|Any CPU.Build.0 = Release|Any CPU
		{F121B846-DE61-44C7-8338-657A0836C4B9}.Debug|Any CPU.ActiveCfg = Debug|Any CPU
		{F121B846-DE61-44C7-8338-657A0836C4B9}.Debug|Any CPU.Build.0 = Debug|Any CPU
		{F121B846-DE61-44C7-8338-657A0836C4B9}.Release|Any CPU.ActiveCfg = Release|Any CPU
		{F121B846-DE61-44C7-8338-657A0836C4B9}.Release|Any CPU.Build.0 = Release|Any CPU
		{57D9B138-7F49-4D88-B4E2-B82D1D9CC70D}.Debug|Any CPU.ActiveCfg = Debug|Any CPU
		{57D9B138-7F49-4D88-B4E2-B82D1D9CC70D}.Debug|Any CPU.Build.0 = Debug|Any CPU
		{57D9B138-7F49-4D88-B4E2-B82D1D9CC70D}.Release|Any CPU.ActiveCfg = Release|Any CPU
		{57D9B138-7F49-4D88-B4E2-B82D1D9CC70D}.Release|Any CPU.Build.0 = Release|Any CPU
		{DFB0CAF9-5F71-4649-B868-7C01F00139C3}.Debug|Any CPU.ActiveCfg = Debug|Any CPU
		{DFB0CAF9-5F71-4649-B868-7C01F00139C3}.Debug|Any CPU.Build.0 = Debug|Any CPU
		{DFB0CAF9-5F71-4649-B868-7C01F00139C3}.Release|Any CPU.ActiveCfg = Release|Any CPU
		{DFB0CAF9-5F71-4649-B868-7C01F00139C3}.Release|Any CPU.Build.0 = Release|Any CPU
		{D94D2597-27E2-4A66-8E5B-3DEFC437E3B3}.Debug|Any CPU.ActiveCfg = Debug|Any CPU
		{D94D2597-27E2-4A66-8E5B-3DEFC437E3B3}.Debug|Any CPU.Build.0 = Debug|Any CPU
		{D94D2597-27E2-4A66-8E5B-3DEFC437E3B3}.Release|Any CPU.ActiveCfg = Release|Any CPU
		{D94D2597-27E2-4A66-8E5B-3DEFC437E3B3}.Release|Any CPU.Build.0 = Release|Any CPU
		{2D2F0B85-545E-44FC-A5AF-76B740F20303}.Debug|Any CPU.ActiveCfg = Debug|Any CPU
		{2D2F0B85-545E-44FC-A5AF-76B740F20303}.Debug|Any CPU.Build.0 = Debug|Any CPU
		{2D2F0B85-545E-44FC-A5AF-76B740F20303}.Release|Any CPU.ActiveCfg = Release|Any CPU
		{2D2F0B85-545E-44FC-A5AF-76B740F20303}.Release|Any CPU.Build.0 = Release|Any CPU
		{78B95B76-2422-4B8E-A4EC-2434170F1351}.Debug|Any CPU.ActiveCfg = Debug|Any CPU
		{78B95B76-2422-4B8E-A4EC-2434170F1351}.Debug|Any CPU.Build.0 = Debug|Any CPU
		{78B95B76-2422-4B8E-A4EC-2434170F1351}.Release|Any CPU.ActiveCfg = Release|Any CPU
		{78B95B76-2422-4B8E-A4EC-2434170F1351}.Release|Any CPU.Build.0 = Release|Any CPU
		{6A362D73-FE18-4196-BF16-7BFF9F46FEC6}.Debug|Any CPU.ActiveCfg = Debug|Any CPU
		{6A362D73-FE18-4196-BF16-7BFF9F46FEC6}.Debug|Any CPU.Build.0 = Debug|Any CPU
		{6A362D73-FE18-4196-BF16-7BFF9F46FEC6}.Release|Any CPU.ActiveCfg = Release|Any CPU
		{6A362D73-FE18-4196-BF16-7BFF9F46FEC6}.Release|Any CPU.Build.0 = Release|Any CPU
		{AD3CF770-8111-4708-B0EA-9E9E54D30EE5}.Debug|Any CPU.ActiveCfg = Debug|Any CPU
		{AD3CF770-8111-4708-B0EA-9E9E54D30EE5}.Debug|Any CPU.Build.0 = Debug|Any CPU
		{AD3CF770-8111-4708-B0EA-9E9E54D30EE5}.Release|Any CPU.ActiveCfg = Release|Any CPU
		{AD3CF770-8111-4708-B0EA-9E9E54D30EE5}.Release|Any CPU.Build.0 = Release|Any CPU
		{01BD3072-D972-49BB-9E9E-9EEF93A3E714}.Debug|Any CPU.ActiveCfg = Debug|Any CPU
		{01BD3072-D972-49BB-9E9E-9EEF93A3E714}.Debug|Any CPU.Build.0 = Debug|Any CPU
		{01BD3072-D972-49BB-9E9E-9EEF93A3E714}.Release|Any CPU.ActiveCfg = Release|Any CPU
		{01BD3072-D972-49BB-9E9E-9EEF93A3E714}.Release|Any CPU.Build.0 = Release|Any CPU
		{05300BC3-692C-4956-A3B9-E504CAEA6E30}.Debug|Any CPU.ActiveCfg = Debug|Any CPU
		{05300BC3-692C-4956-A3B9-E504CAEA6E30}.Debug|Any CPU.Build.0 = Debug|Any CPU
		{05300BC3-692C-4956-A3B9-E504CAEA6E30}.Release|Any CPU.ActiveCfg = Release|Any CPU
		{05300BC3-692C-4956-A3B9-E504CAEA6E30}.Release|Any CPU.Build.0 = Release|Any CPU
	EndGlobalSection
	GlobalSection(NestedProjects) = preSolution
		{FF754DC8-EAE6-4054-B721-94ABA4DA3B17} = {81C4C08E-053A-40E0-AEA3-C31525E27A99}
		{1DCD5A44-F4FC-40B1-8CA9-DC8560D74FEF} = {FF754DC8-EAE6-4054-B721-94ABA4DA3B17}
		{7F5314FF-F80F-4002-905D-3A9F49F9A681} = {FF754DC8-EAE6-4054-B721-94ABA4DA3B17}
		{8D4B9B2A-F64E-4E33-8747-4A3193AD9E57} = {81C4C08E-053A-40E0-AEA3-C31525E27A99}
		{91A16A49-4083-4CD5-871C-1707D094CB4B} = {8D4B9B2A-F64E-4E33-8747-4A3193AD9E57}
		{111D4AC1-837E-4643-85E4-C39DAAB7CC91} = {8D4B9B2A-F64E-4E33-8747-4A3193AD9E57}
		{79677722-7126-48FE-8B2B-5ED249D581AA} = {8D4B9B2A-F64E-4E33-8747-4A3193AD9E57}
		{42943356-59E4-46A4-93FA-8E3EB4C62AC4} = {8D4B9B2A-F64E-4E33-8747-4A3193AD9E57}
		{F121B846-DE61-44C7-8338-657A0836C4B9} = {8D4B9B2A-F64E-4E33-8747-4A3193AD9E57}
		{37E71895-C1DF-4072-B635-9C7C44AC1F23} = {81C4C08E-053A-40E0-AEA3-C31525E27A99}
		{57D9B138-7F49-4D88-B4E2-B82D1D9CC70D} = {37E71895-C1DF-4072-B635-9C7C44AC1F23}
		{DFB0CAF9-5F71-4649-B868-7C01F00139C3} = {81C4C08E-053A-40E0-AEA3-C31525E27A99}
		{13F11E32-EA11-4D34-9EE5-FBFB0DE89DB7} = {13DEF4FD-8293-4AE5-96E0-CCD19EF2E0D0}
		{D94D2597-27E2-4A66-8E5B-3DEFC437E3B3} = {13F11E32-EA11-4D34-9EE5-FBFB0DE89DB7}
		{37AA4031-E4C4-4803-93BC-7DDC01672415} = {13DEF4FD-8293-4AE5-96E0-CCD19EF2E0D0}
		{2D2F0B85-545E-44FC-A5AF-76B740F20303} = {37AA4031-E4C4-4803-93BC-7DDC01672415}
		{78B95B76-2422-4B8E-A4EC-2434170F1351} = {37AA4031-E4C4-4803-93BC-7DDC01672415}
		{6A362D73-FE18-4196-BF16-7BFF9F46FEC6} = {37AA4031-E4C4-4803-93BC-7DDC01672415}
		{AD3CF770-8111-4708-B0EA-9E9E54D30EE5} = {37AA4031-E4C4-4803-93BC-7DDC01672415}
		{01BD3072-D972-49BB-9E9E-9EEF93A3E714} = {37AA4031-E4C4-4803-93BC-7DDC01672415}
		{DFCA9FCD-59C3-45F1-B513-F458C6D96403} = {13DEF4FD-8293-4AE5-96E0-CCD19EF2E0D0}
		{05300BC3-692C-4956-A3B9-E504CAEA6E30} = {DFCA9FCD-59C3-45F1-B513-F458C6D96403}
	EndGlobalSection
EndGlobal
